
Microsoft Visual Studio Solution File, Format Version 12.00
# Visual Studio 15
VisualStudioVersion = 15.0.28010.2046
MinimumVisualStudioVersion = 10.0.40219.1
Project("{9A19103F-16F7-4668-BE54-9A1E7A4F7556}") = "Fulfill_RepositoryService", "Fulfill_RepositoryService\Fulfill_RepositoryService.csproj", "{670B9EEA-AFDE-456D-9294-D251E3D3823A}"
EndProject
Project("{9A19103F-16F7-4668-BE54-9A1E7A4F7556}") = "Fulfill_UI", "Fulfill_UI\Fulfill_UI.csproj", "{07A13C53-BE32-42BB-A94E-2C663D44A442}"
	ProjectSection(ProjectDependencies) = postProject
		{670B9EEA-AFDE-456D-9294-D251E3D3823A} = {670B9EEA-AFDE-456D-9294-D251E3D3823A}
	EndProjectSection
EndProject
Global
	GlobalSection(SolutionConfigurationPlatforms) = preSolution
		Debug|Any CPU = Debug|Any CPU
		Release|Any CPU = Release|Any CPU
	EndGlobalSection
	GlobalSection(ProjectConfigurationPlatforms) = postSolution
		{670B9EEA-AFDE-456D-9294-D251E3D3823A}.Debug|Any CPU.ActiveCfg = Debug|Any CPU
		{670B9EEA-AFDE-456D-9294-D251E3D3823A}.Debug|Any CPU.Build.0 = Debug|Any CPU
		{670B9EEA-AFDE-456D-9294-D251E3D3823A}.Release|Any CPU.ActiveCfg = Release|Any CPU
		{670B9EEA-AFDE-456D-9294-D251E3D3823A}.Release|Any CPU.Build.0 = Release|Any CPU
		{07A13C53-BE32-42BB-A94E-2C663D44A442}.Debug|Any CPU.ActiveCfg = Debug|Any CPU
		{07A13C53-BE32-42BB-A94E-2C663D44A442}.Debug|Any CPU.Build.0 = Debug|Any CPU
		{07A13C53-BE32-42BB-A94E-2C663D44A442}.Release|Any CPU.ActiveCfg = Release|Any CPU
		{07A13C53-BE32-42BB-A94E-2C663D44A442}.Release|Any CPU.Build.0 = Release|Any CPU
	EndGlobalSection
	GlobalSection(SolutionProperties) = preSolution
		HideSolutionNode = FALSE
	EndGlobalSection
	GlobalSection(ExtensibilityGlobals) = postSolution
		SolutionGuid = {D52CF808-71E4-42D7-B610-05E5ABF46089}
	EndGlobalSection
EndGlobal
